
Microsoft Visual Studio Solution File, Format Version 12.00
# Visual Studio Version 16
VisualStudioVersion = 16.0.31702.278
MinimumVisualStudioVersion = 10.0.40219.1
Project("{FAE04EC0-301F-11D3-BF4B-00C04F79EFBC}") = "Demo_Weather_Report", "Demo_Weather_Report.csproj", "{7A8C8A63-5CDC-491A-B5E6-5B75E3388926}"
EndProject
Global
	GlobalSection(SolutionConfigurationPlatforms) = preSolution
		Debug|Any CPU = Debug|Any CPU
		Release|Any CPU = Release|Any CPU
	EndGlobalSection
	GlobalSection(ProjectConfigurationPlatforms) = postSolution
		{7A8C8A63-5CDC-491A-B5E6-5B75E3388926}.Debug|Any CPU.ActiveCfg = Debug|Any CPU
		{7A8C8A63-5CDC-491A-B5E6-5B75E3388926}.Debug|Any CPU.Build.0 = Debug|Any CPU
		{7A8C8A63-5CDC-491A-B5E6-5B75E3388926}.Release|Any CPU.ActiveCfg = Release|Any CPU
		{7A8C8A63-5CDC-491A-B5E6-5B75E3388926}.Release|Any CPU.Build.0 = Release|Any CPU
	EndGlobalSection
	GlobalSection(SolutionProperties) = preSolution
		HideSolutionNode = FALSE
	EndGlobalSection
	GlobalSection(ExtensibilityGlobals) = postSolution
		SolutionGuid = {D2F40BC1-B539-4D33-9ED1-4DD08DF090A4}
	EndGlobalSection
EndGlobal
